
Microsoft Visual Studio Solution File, Format Version 12.00
# Visual Studio 14
VisualStudioVersion = 14.0.25420.1
MinimumVisualStudioVersion = 10.0.40219.1
Project("{FAE04EC0-301F-11D3-BF4B-00C04F79EFBC}") = "ADO1", "ADO1\ADO1.csproj", "{B02F2F0D-7F20-4279-A916-5122FFC42CBB}"
EndProject
Global
	GlobalSection(SolutionConfigurationPlatforms) = preSolution
		Debug|Any CPU = Debug|Any CPU
		Release|Any CPU = Release|Any CPU
	EndGlobalSection
	GlobalSection(ProjectConfigurationPlatforms) = postSolution
		{B02F2F0D-7F20-4279-A916-5122FFC42CBB}.Debug|Any CPU.ActiveCfg = Debug|Any CPU
		{B02F2F0D-7F20-4279-A916-5122FFC42CBB}.Debug|Any CPU.Build.0 = Debug|Any CPU
		{B02F2F0D-7F20-4279-A916-5122FFC42CBB}.Release|Any CPU.ActiveCfg = Release|Any CPU
		{B02F2F0D-7F20-4279-A916-5122FFC42CBB}.Release|Any CPU.Build.0 = Release|Any CPU
	EndGlobalSection
	GlobalSection(SolutionProperties) = preSolution
		HideSolutionNode = FALSE
	EndGlobalSection
EndGlobal
